lockfileVersion: '9.0'

settings:
  autoInstallPeers: true
  excludeLinksFromLockfile: false

importers:

  .:
    devDependencies:
      gh-pages:
        specifier: ^6.3.0
        version: 6.3.0
      oxfmt:
        specifier: ^0.45.0
        version: 0.45.0
      oxlint:
        specifier: ^1.60.0
        version: 1.60.0
      servor:
        specifier: ^4.0.2
        version: 4.0.2

packages:

  '@nodelib/fs.scandir@2.1.5':
    resolution: {integrity: sha512-vq24Bq3ym5HEQm2NKCr3yXDwjc7vTsEThRDnkp2DK9p1uqLR+DHurm/NOTo0KG7HYHU7eppKZj3MyqYuMBf62g==}
    engines: {node: '>= 8'}

  '@nodelib/fs.stat@2.0.5':
    resolution: {integrity: sha512-RkhPPp2zrqDAQA/2jNhnztcPAlv64XdhIp7a7454A5ovI7Bukxgt7MX7udwAu3zg1DcpPU0rz3VV1SeaqvY4+A==}
    engines: {node: '>= 8'}

  '@nodelib/fs.walk@1.2.8':
    resolution: {integrity: sha512-oGB+UxlgWcgQkgwo8GcEGwemoTFt3FIO9ababBmaGwXIoBKZ+GTy0pP185beGg7Llih/NSHSV2XAs1lnznocSg==}
    engines: {node: '>= 8'}

  '@oxfmt/binding-android-arm-eabi@0.45.0':
    resolution: {integrity: sha512-A/UMxFob1fefCuMeGxQBulGfFE38g2Gm23ynr3u6b+b7fY7/ajGbNsa3ikMIkGMLJW/TRoQaMoP1kME7S+815w==}
    engines: {node: ^20.19.0 || >=22.12.0}
    cpu: [arm]
    os: [android]

  '@oxfmt/binding-android-arm64@0.45.0':
    resolution: {integrity: sha512-L63z4uZmHjgvvqvMJD7mwff8aSBkM0+X4uFr6l6U5t6+Qc9DCLVZWIunJ7Gm4fn4zHPdSq6FFQnhu9yqqobxIg==}
    engines: {node: ^20.19.0 || >=22.12.0}
    cpu: [arm64]
    os: [android]

  '@oxfmt/binding-darwin-arm64@0.45.0':
    resolution: {integrity: sha512-UV34dd623FzqT+outIGndsCA/RBB+qgB3XVQhgmmJ9PJwa37NzPC9qzgKeOhPKxVk2HW+JKldQrVL54zs4Noww==}
    engines: {node: ^20.19.0 || >=22.12.0}
    cpu: [arm64]
    os: [darwin]

  '@oxfmt/binding-darwin-x64@0.45.0':
    resolution: {integrity: sha512-pMNJv0CMa1pDefVPeNbuQxibh8ITpWDFEhMC/IBB9Zlu76EbgzYwrzI4Cb11mqX2+rIYN70UTrh3z06TM59ptQ==}
    engines: {node: ^20.19.0 || >=22.12.0}
    cpu: [x64]
    os: [darwin]

  '@oxfmt/binding-freebsd-x64@0.45.0':
    resolution: {integrity: sha512-xTcRoxbbo61sW2+ZRPeH+vp/o9G8gkdhiVumFU+TpneiPm14c79l6GFlxPXlCE9bNWikigbsrvJw46zCVAQFfg==}
    engines: {node: ^20.19.0 || >=22.12.0}
    cpu: [x64]
    os: [freebsd]

  '@oxfmt/binding-linux-arm-gnueabihf@0.45.0':
    resolution: {integrity: sha512-hWL8Hdni+3U1mPFx1UtWeGp3tNb6EhBAUHRMbKUxVkOp3WwoJbpVO2bfUVbS4PfpledviXXNHSTl1veTa6FhkQ==}
    engines: {node: ^20.19.0 || >=22.12.0}
    cpu: [arm]
    os: [linux]

  '@oxfmt/binding-linux-arm-musleabihf@0.45.0':
    resolution: {integrity: sha512-6Blt/0OBT7vvfQpqYuYbpbFLPqSiaYpEJzUUWhinPEuADypDbtV1+LdjM0vYBNGPvnj85ex7lTerEX6JGcPt9w==}
    engines: {node: ^20.19.0 || >=22.12.0}
    cpu: [arm]
    os: [linux]

  '@oxfmt/binding-linux-arm64-gnu@0.45.0':
    resolution: {integrity: sha512-jLjoLfe+hGfjhA8hNBSdw85yCA8ePKq7ME4T+g6P9caQXvmt6IhE2X7iVjnVdkmYUWEzZrxlh4p6RkDmAMJY/A==}
    engines: {node: ^20.19.0 || >=22.12.0}
    cpu: [arm64]
    os: [linux]
    libc: [glibc]

  '@oxfmt/binding-linux-arm64-musl@0.45.0':
    resolution: {integrity: sha512-XQKXZIKYJC3GQJ8FnD3iMntpw69Wd9kDDK/Xt79p6xnFYlGGxSNv2vIBvRTDg5CKByWFWWZLCRDOXoP/m6YN4g==}
    engines: {node: ^20.19.0 || >=22.12.0}
    cpu: [arm64]
    os: [linux]
    libc: [musl]

  '@oxfmt/binding-linux-ppc64-gnu@0.45.0':
    resolution: {integrity: sha512-+g5RiG+xOkdrCWkKodv407nTvMq4vYM18Uox2MhZBm/YoqFxxJpWKsloskFFG5NU13HGPw1wzYjjOVcyd9moCA==}
    engines: {node: ^20.19.0 || >=22.12.0}
    cpu: [ppc64]
    os: [linux]
    libc: [glibc]

  '@oxfmt/binding-linux-riscv64-gnu@0.45.0':
    resolution: {integrity: sha512-V7dXKoSyEbWAkkSF4JJNtF+NJZDmJoSarSoP30WCsB3X636Rehd3CvxBj49FIJxEBFWhvcUjGSHVeU8Erck1bQ==}
    engines: {node: ^20.19.0 || >=22.12.0}
    cpu: [riscv64]
    os: [linux]
    libc: [glibc]

  '@oxfmt/binding-linux-riscv64-musl@0.45.0':
    resolution: {integrity: sha512-Vdelft1sAEYojVGgcODEFXSWYQYlIvoyIGWebKCuUibd1tvS1TjTx413xG2ZLuHpYj45CkN/ztMLMX6jrgqpgg==}
    engines: {node: ^20.19.0 || >=22.12.0}
    cpu: [riscv64]
    os: [linux]
    libc: [musl]

  '@oxfmt/binding-linux-s390x-gnu@0.45.0':
    resolution: {integrity: sha512-RR7xKgNpqwENnK0aYCGYg0JycY2n93J0reNjHyes+I9Gq52dH95x+CBlnlAQHCPfz6FGnKA9HirgUl14WO6o7w==}
    engines: {node: ^20.19.0 || >=22.12.0}
    cpu: [s390x]
    os: [linux]
    libc: [glibc]

  '@oxfmt/binding-linux-x64-gnu@0.45.0':
    resolution: {integrity: sha512-U/QQ0+BQNSHxjuXR/utvXnQ50Vu5kUuqEomZvQ1/3mhgbBiMc2WU9q5kZ5WwLp3gnFIx9ibkveoRSe2EZubkqg==}
    engines: {node: ^20.19.0 || >=22.12.0}
    cpu: [x64]
    os: [linux]
    libc: [glibc]

  '@oxfmt/binding-linux-x64-musl@0.45.0':
    resolution: {integrity: sha512-o5TLOUCF0RWQjsIS06yVC+kFgp092/yLe6qBGSUvtnmTVw9gxjpdQSXc3VN5Cnive4K11HNstEZF8ROKHfDFSw==}
    engines: {node: ^20.19.0 || >=22.12.0}
    cpu: [x64]
    os: [linux]
    libc: [musl]

  '@oxfmt/binding-openharmony-arm64@0.45.0':
    resolution: {integrity: sha512-RnGcV3HgPuOjsGx/k9oyRNKmOp+NBLGzZTdPDYbc19r7NGeYPplnUU/BfU35bX2Y/O4ejvHxcfkvW2WoYL/gsg==}
    engines: {node: ^20.19.0 || >=22.12.0}
    cpu: [arm64]
    os: [openharmony]

  '@oxfmt/binding-win32-arm64-msvc@0.45.0':
    resolution: {integrity: sha512-v3Vj7iKKsUFwt9w5hsqIIoErKVoENC6LoqfDlteOQ5QMDCXihlqLoxpmviUhXnNncg4zV6U9BPwlBbwa+qm4wg==}
    engines: {node: ^20.19.0 || >=22.12.0}
    cpu: [arm64]
    os: [win32]

  '@oxfmt/binding-win32-ia32-msvc@0.45.0':
    resolution: {integrity: sha512-N8yotPBX6ph0H3toF4AEpdCeVPrdcSetj+8eGiZGsrLsng3bs/Q5HPu4bbSxip5GBPx5hGbGHrZwH4+rcrjhHA==}
    engines: {node: ^20.19.0 || >=22.12.0}
    cpu: [ia32]
    os: [win32]

  '@oxfmt/binding-win32-x64-msvc@0.45.0':
    resolution: {integrity: sha512-w5MMTRCK1dpQeRA+HHqXQXyN33DlG/N2LOYxJmaT4fJjcmZrbNnqw7SmIk7I2/a2493PPLZ+2E/Ar6t2iKVMug==}
    engines: {node: ^20.19.0 || >=22.12.0}
    cpu: [x64]
    os: [win32]

  '@oxlint/binding-android-arm-eabi@1.60.0':
    resolution: {integrity: sha512-YdeJKaZckDQL1qa62a1aKq/goyq48aX3yOxaaWqWb4sau4Ee4IiLbamftNLU3zbePky6QsDj6thnSSzHRBjDfA==}
    engines: {node: ^20.19.0 || >=22.12.0}
    cpu: [arm]
    os: [android]

  '@oxlint/binding-android-arm64@1.60.0':
    resolution: {integrity: sha512-7ANS7PpXCfq84xZQ8E5WPs14gwcuPcl+/8TFNXfpSu0CQBXz3cUo2fDpHT8v8HJN+Ut02eacvMAzTnc9s6X4tw==}
    engines: {node: ^20.19.0 || >=22.12.0}
    cpu: [arm64]
    os: [android]

  '@oxlint/binding-darwin-arm64@1.60.0':
    resolution: {integrity: sha512-pJsgd9AfplLGBm1fIr25V6V14vMrayhx4uIQvlfH7jWs2SZwSrvi3TfgfJySB8T+hvyEH8K2zXljQiUnkgUnfQ==}
    engines: {node: ^20.19.0 || >=22.12.0}
    cpu: [arm64]
    os: [darwin]

  '@oxlint/binding-darwin-x64@1.60.0':
    resolution: {integrity: sha512-Ue1aXHX49ivwflKqGJc7zcd/LeLgbhaTcDCQStgx5x06AXgjEAZmvrlMuIkWd4AL4FHQe6QJ9f33z04Cg448VQ==}
    engines: {node: ^20.19.0 || >=22.12.0}
    cpu: [x64]
    os: [darwin]

  '@oxlint/binding-freebsd-x64@1.60.0':
    resolution: {integrity: sha512-YCyQzsQtusQw+gNRW9rRTifSO+Dt/+dtCl2NHoDMZqJlRTEZ/Oht9YnuporI9yiTx7+cB+eqzX3MtHHVHGIWhg==}
    engines: {node: ^20.19.0 || >=22.12.0}
    cpu: [x64]
    os: [freebsd]

  '@oxlint/binding-linux-arm-gnueabihf@1.60.0':
    resolution: {integrity: sha512-c7dxM2Zksa45Qw16i2iGY3Fti2NirJ38FrsBsKw+qcJ0OtqTsBgKJLF0xV+yLG56UH01Z8WRPgsw31e0MoRoGQ==}
    engines: {node: ^20.19.0 || >=22.12.0}
    cpu: [arm]
    os: [linux]

  '@oxlint/binding-linux-arm-musleabihf@1.60.0':
    resolution: {integrity: sha512-ZWALoA42UYqBEP1Tbw9OWURgFGS1nWj2AAvLdY6ZcGx/Gj93qVCBKjcvwXMupZibYwFbi9s/rzqkZseb/6gVtQ==}
    engines: {node: ^20.19.0 || >=22.12.0}
    cpu: [arm]
    os: [linux]

  '@oxlint/binding-linux-arm64-gnu@1.60.0':
    resolution: {integrity: sha512-tpy+1w4p9hN5CicMCxqNy6ymfRtV5ayE573vFNjp1k1TN/qhLFgflveZoE/0++RlkHikBz2vY545NWm/hp7big==}
    engines: {node: ^20.19.0 || >=22.12.0}
    cpu: [arm64]
    os: [linux]
    libc: [glibc]

  '@oxlint/binding-linux-arm64-musl@1.60.0':
    resolution: {integrity: sha512-eDYDXZGhQAXyn6GwtwiX/qcLS0HlOLPJ/+iiIY8RYr+3P8oKBmgKxADLlniL6FtWfE7pPk7IGN9/xvDEvDvFeg==}
    engines: {node: ^20.19.0 || >=22.12.0}
    cpu: [arm64]
    os: [linux]
    libc: [musl]

  '@oxlint/binding-linux-ppc64-gnu@1.60.0':
    resolution: {integrity: sha512-nxehly5XYBHUWI9VJX1bqCf9j/B43DaK/aS/T1fcxCpX3PA4Rm9BB54nPD1CKayT8xg6REN1ao+01hSRNgy8OA==}
    engines: {node: ^20.19.0 || >=22.12.0}
    cpu: [ppc64]
    os: [linux]
    libc: [glibc]

  '@oxlint/binding-linux-riscv64-gnu@1.60.0':
    resolution: {integrity: sha512-j1qf/NaUfOWQutjeoooNG1Q0zsK0XGmSu1uDLq3cctquRF3j7t9Hxqf/76ehCc5GEUAanth2W4Fa+XT1RFg/nw==}
    engines: {node: ^20.19.0 || >=22.12.0}
    cpu: [riscv64]
    os: [linux]
    libc: [glibc]

  '@oxlint/binding-linux-riscv64-musl@1.60.0':
    resolution: {integrity: sha512-YELKPRefQ/q/h3RUmeRfPCUhh2wBvgV1RyZ/F9M9u8cDyXsQW2ojv1DeWQTt466yczDITjZnIOg/s05pk7Ve2A==}
    engines: {node: ^20.19.0 || >=22.12.0}
    cpu: [riscv64]
    os: [linux]
    libc: [musl]

  '@oxlint/binding-linux-s390x-gnu@1.60.0':
    resolution: {integrity: sha512-JkO3C6Gki7Y6h/MiIkFKvHFOz98/YWvQ4WYbK9DLXACMP2rjULzkeGyAzorJE5S1dzLQGFgeqvN779kSFwoV1g==}
    engines: {node: ^20.19.0 || >=22.12.0}
    cpu: [s390x]
    os: [linux]
    libc: [glibc]

  '@oxlint/binding-linux-x64-gnu@1.60.0':
    resolution: {integrity: sha512-XjKHdFVCpZZZSWBCKyyqCq65s2AKXykMXkjLoKYODrD+f5toLhlwsMESscu8FbgnJQ4Y/dpR/zdazsahmgBJIA==}
    engines: {node: ^20.19.0 || >=22.12.0}
    cpu: [x64]
    os: [linux]
    libc: [glibc]

  '@oxlint/binding-linux-x64-musl@1.60.0':
    resolution: {integrity: sha512-js29ZWIuPhNWzY8NC7KoffEMEeWG105vbmm+8EOJsC+T/jHBiKIJEUF78+F/IrgEWMMP9N0kRND4Pp75+xAhKg==}
    engines: {node: ^20.19.0 || >=22.12.0}
    cpu: [x64]
    os: [linux]
    libc: [musl]

  '@oxlint/binding-openharmony-arm64@1.60.0':
    resolution: {integrity: sha512-H+PUITKHk04stFpWj3x3Kg08Afp/bcXSBi0EhasR5a0Vw7StXHTzdl655PUI0fB4qdh2Wsu6Dsi+3ACxPoyQnA==}
    engines: {node: ^20.19.0 || >=22.12.0}
    cpu: [arm64]
    os: [openharmony]

  '@oxlint/binding-win32-arm64-msvc@1.60.0':
    resolution: {integrity: sha512-WA/yc7f7ZfCefBXVzNHn1Ztulb1EFwNBb4jMZ6pjML0zz6pHujlF3Q3jySluz3XHl/GNeMTntG1seUBWVMlMag==}
    engines: {node: ^20.19.0 || >=22.12.0}
    cpu: [arm64]
    os: [win32]

  '@oxlint/binding-win32-ia32-msvc@1.60.0':
    resolution: {integrity: sha512-33YxL1sqwYNZXtn3MD/4dno6s0xeedXOJlT1WohkVD565WvohClZUr7vwKdAk954n4xiEWJkewiCr+zLeq7AeA==}
    engines: {node: ^20.19.0 || >=22.12.0}
    cpu: [ia32]
    os: [win32]

  '@oxlint/binding-win32-x64-msvc@1.60.0':
    resolution: {integrity: sha512-JOro4ZcfBLamJCyfURQmOQByoorgOdx3ZjAkSqnb/CyG/i+lN3KoV5LAgk5ZAW6DPq7/Cx7n23f8DuTWXTWgyQ==}
    engines: {node: ^20.19.0 || >=22.12.0}
    cpu: [x64]
    os: [win32]

  array-union@2.1.0:
    resolution: {integrity: sha512-HGyxoOTYUyCM6stUe6EJgnd4EoewAI7zMdfqO+kGjnlZmBDz/cR5pf8r/cR4Wq60sL/p0IkcjUEEPwS3GFrIyw==}
    engines: {node: '>=8'}

  async@3.2.6:
    resolution: {integrity: sha512-htCUDlxyyCLMgaM3xXg0C0LW2xqfuQ6p05pCEIsXuyQ+a1koYKTuBMzRNwmybfLgvJDMd0r1LTn4+E0Ti6C2AA==}

  braces@3.0.3:
    resolution: {integrity: sha512-yQbXgO/OSZVD2IsiLlro+7Hf6Q18EJrKSEsdoMzKePKXct3gvD8oLcOQdIzGupr5Fj+EDe8gO/lxc1BzfMpxvA==}
    engines: {node: '>=8'}

  commander@13.1.0:
    resolution: {integrity: sha512-/rFeCpNJQbhSZjGVwO9RFV3xPqbnERS8MmIQzCtD/zl6gpJuV/bMLuN92oG3F7d8oDEHHRrujSXNUr8fpjntKw==}
    engines: {node: '>=18'}

  commondir@1.0.1:
    resolution: {integrity: sha512-W9pAhw0ja1Edb5GVdIF1mjZw/ASI0AlShXM83UUGe2DVr5TdAPEA1OA8m/g8zWp9x6On7gqufY+FatDbC3MDQg==}

  dir-glob@3.0.1:
    resolution: {integrity: sha512-WkrWp9GR4KXfKGYzOLmTuGVi1UWFfws377n9cc55/tb6DuqyF6pcQ5AbiHEshaDpY9v6oaSr2XCDidGmMwdzIA==}
    engines: {node: '>=8'}

  email-addresses@5.0.0:
    resolution: {integrity: sha512-4OIPYlA6JXqtVn8zpHpGiI7vE6EQOAg16aGnDMIAlZVinnoZ8208tW1hAbjWydgN/4PLTT9q+O1K6AH/vALJGw==}

  escape-string-regexp@1.0.5:
    resolution: {integrity: sha512-vbRorB5FUQWvla16U8R/qgaFIya2qGzwDrNmCZuYKrbdSUMG6I1ZCGQRefkRVhuOkIGVne7BQ35DSfo1qvJqFg==}
    engines: {node: '>=0.8.0'}

  fast-glob@3.3.3:
    resolution: {integrity: sha512-7MptL8U0cqcFdzIzwOTHoilX9x5BrNqye7Z/LuC7kCMRio1EMSyqRK3BEAUD7sXRq4iT4AzTVuZdhgQ2TCvYLg==}
    engines: {node: '>=8.6.0'}

  fastq@1.20.1:
    resolution: {integrity: sha512-GGToxJ/w1x32s/D2EKND7kTil4n8OVk/9mycTc4VDza13lOvpUZTGX3mFSCtV9ksdGBVzvsyAVLM6mHFThxXxw==}

  filename-reserved-regex@2.0.0:
    resolution: {integrity: sha512-lc1bnsSr4L4Bdif8Xb/qrtokGbq5zlsms/CYH8PP+WtCkGNF65DPiQY8vG3SakEdRn8Dlnm+gW/qWKKjS5sZzQ==}
    engines: {node: '>=4'}

  filenamify@4.3.0:
    resolution: {integrity: sha512-hcFKyUG57yWGAzu1CMt/dPzYZuv+jAJUT85bL8mrXvNe6hWj6yEHEc4EdcgiA6Z3oi1/9wXJdZPXF2dZNgwgOg==}
    engines: {node: '>=8'}

  fill-range@7.1.1:
    resolution: {integrity: sha512-YsGpe3WHLK8ZYi4tWDg2Jy3ebRz2rXowDxnld4bkQB00cc/1Zw9AWnC0i9ztDJitivtQvaI9KaLyKrc+hBW0yg==}
    engines: {node: '>=8'}

  find-cache-dir@3.3.2:
    resolution: {integrity: sha512-wXZV5emFEjrridIgED11OoUKLxiYjAcqot/NJdAkOhlJ+vGzwhOAfcG5OX1jP+S0PcjEn8bdMJv+g2jwQ3Onig==}
    engines: {node: '>=8'}

  find-up@4.1.0:
    resolution: {integrity: sha512-PpOwAdQ/YlXQ2vj8a3h8IipDuYRi3wceVQQGYWxNINccq40Anw7BlsEXCMbt1Zt+OLA6Fq9suIpIWD0OsnISlw==}
    engines: {node: '>=8'}

  fs-extra@11.3.4:
    resolution: {integrity: sha512-CTXd6rk/M3/ULNQj8FBqBWHYBVYybQ3VPBw0xGKFe3tuH7ytT6ACnvzpIQ3UZtB8yvUKC2cXn1a+x+5EVQLovA==}
    engines: {node: '>=14.14'}

  gh-pages@6.3.0:
    resolution: {integrity: sha512-Ot5lU6jK0Eb+sszG8pciXdjMXdBJ5wODvgjR+imihTqsUWF2K6dJ9HST55lgqcs8wWcw6o6wAsUzfcYRhJPXbA==}
    engines: {node: '>=10'}
    hasBin: true

  glob-parent@5.1.2:
    resolution: {integrity: sha512-AOIgSQCepiJYwP3ARnGx+5VnTu2HBYdzbGP45eLw1vr3zB3vZLeyed1sC9hnbcOc9/SrMyM5RPQrkGz4aS9Zow==}
    engines: {node: '>= 6'}

  globby@11.1.0:
    resolution: {integrity: sha512-jhIXaOzy1sb8IyocaruWSn1TjmnBVs8Ayhcy83rmxNJ8q2uWKCAj3CnJY+KpGSXCueAPc0i05kVvVKtP1t9S3g==}
    engines: {node: '>=10'}

  graceful-fs@4.2.11:
    resolution: {integrity: sha512-RbJ5/jmFcNNCcDV5o9eTnBLJ/HszWV0P73bc+Ff4nS/rJj+YaS6IGyiOL0VoBYX+l1Wrl3k63h/KrH+nhJ0XvQ==}

  ignore@5.3.2:
    resolution: {integrity: sha512-hsBTNUqQTDwkWtcdYI2i06Y/nUBEsNEDJKjWdigLvegy8kDuJAS8uRlpkkcQpyEXL0Z/pjDy5HBmMjRCJ2gq+g==}
    engines: {node: '>= 4'}

  is-extglob@2.1.1:
    resolution: {integrity: sha512-SbKbANkN603Vi4jEZv49LeVJMn4yGwsbzZworEoyEiutsN3nJYdbO36zfhGJ6QEDpOZIFkDtnq5JRxmvl3jsoQ==}
    engines: {node: '>=0.10.0'}

  is-glob@4.0.3:
    resolution: {integrity: sha512-xelSayHH36ZgE7ZWhli7pW34hNbNl8Ojv5KVmkJD4hBdD3th8Tfk9vYasLM+mXWOZhFkgZfxhLSnrwRr4elSSg==}
    engines: {node: '>=0.10.0'}

  is-number@7.0.0:
    resolution: {integrity: sha512-41Cifkg6e8TylSpdtTpeLVMqvSBEVzTttHvERD741+pnZ8ANv0004MRL43QKPDlK9cGvNp6NZWZUBlbGXYxxng==}
    engines: {node: '>=0.12.0'}

  jsonfile@6.2.0:
    resolution: {integrity: sha512-FGuPw30AdOIUTRMC2OMRtQV+jkVj2cfPqSeWXv1NEAJ1qZ5zb1X6z1mFhbfOB/iy3ssJCD+3KuZ8r8C3uVFlAg==}

  locate-path@5.0.0:
    resolution: {integrity: sha512-t7hw9pI+WvuwNJXwk5zVHpyhIqzg2qTlklJOf0mVxGSbe3Fp2VieZcduNYjaLDoy6p9uGpQEGWG87WpMKlNq8g==}
    engines: {node: '>=8'}

  make-dir@3.1.0:
    resolution: {integrity: sha512-g3FeP20LNwhALb/6Cz6Dd4F2ngze0jz7tbzrD2wAV+o9FeNHe4rL+yK2md0J/fiSf1sa1ADhXqi5+oVwOM/eGw==}
    engines: {node: '>=8'}

  merge2@1.4.1:
    resolution: {integrity: sha512-8q7VEgMJW4J8tcfVPy8g09NcQwZdbwFEqhe/WZkoIzjn/3TGDwtOCYtXGxA3O8tPzpczCCDgv+P2P5y00ZJOOg==}
    engines: {node: '>= 8'}

  micromatch@4.0.8:
    resolution: {integrity: sha512-PXwfBhYu0hBCPw8Dn0E+WDYb7af3dSLVWKi3HGv84IdF4TyFoC0ysxFd0Goxw7nSv4T/PzEJQxsYsEiFCKo2BA==}
    engines: {node: '>=8.6'}

  oxfmt@0.45.0:
    resolution: {integrity: sha512-0o/COoN9fY50bjVeM7PQsNgbhndKurBIeTIcspW033OumksjJJmIVDKjAk5HMwU/GHTxSOdGDdhJ6BRzGPmsHg==}
    engines: {node: ^20.19.0 || >=22.12.0}
    hasBin: true

  oxlint@1.60.0:
    resolution: {integrity: sha512-tnRzTWiWJ9pg3ftRWnD0+Oqh78L6ZSwcEudvCZaER0PIqiAnNyXj5N1dPwjmNpDalkKS9m/WMLN1CTPUBPmsgw==}
    engines: {node: ^20.19.0 || >=22.12.0}
    hasBin: true
    peerDependencies:
      oxlint-tsgolint: '>=0.18.0'
    peerDependenciesMeta:
      oxlint-tsgolint:
        optional: true

  p-limit@2.3.0:
    resolution: {integrity: sha512-//88mFWSJx8lxCzwdAABTJL2MyWB12+eIY7MDL2SqLmAkeKU9qxRvWuSyTjm3FUmpBEMuFfckAIqEaVGUDxb6w==}
    engines: {node: '>=6'}

  p-locate@4.1.0:
    resolution: {integrity: sha512-R79ZZ/0wAxKGu3oYMlz8jy/kbhsNrS7SKZ7PxEHBgJ5+F2mtFW2fK2cOtBh1cHYkQsbzFV7I+EoRKe6Yt0oK7A==}
    engines: {node: '>=8'}

  p-try@2.2.0:
    resolution: {integrity: sha512-R4nPAVTAU0B9D35/Gk3uJf/7XYbQcyohSKdvAxIRSNghFl4e71hVoGnBNQz9cWaXxO2I10KTC+3jMdvvoKw6dQ==}
    engines: {node: '>=6'}

  path-exists@4.0.0:
    resolution: {integrity: sha512-ak9Qy5Q7jYb2Wwcey5Fpvg2KoAc/ZIhLSLOSBmRmygPsGwkVVt0fZa0qrtMz+m6tJTAHfZQ8FnmB4MG4LWy7/w==}
    engines: {node: '>=8'}

  path-type@4.0.0:
    resolution: {integrity: sha512-gDKb8aZMDeD/tZWs9P6+q0J9Mwkdl6xMV8TjnGP3qJVJ06bdMgkbBlLU8IdfOsIsFz2BW1rNVT3XuNEl8zPAvw==}
    engines: {node: '>=8'}

  picomatch@2.3.2:
    resolution: {integrity: sha512-V7+vQEJ06Z+c5tSye8S+nHUfI51xoXIXjHQ99cQtKUkQqqO1kO/KCJUfZXuB47h/YBlDhah2H3hdUGXn8ie0oA==}
    engines: {node: '>=8.6'}

  pkg-dir@4.2.0:
    resolution: {integrity: sha512-HRDzbaKjC+AOWVXxAU/x54COGeIv9eb+6CkDSQoNTt4XyWoIJvuPsXizxu/Fr23EiekbtZwmh1IcIG/l/a10GQ==}
    engines: {node: '>=8'}

  queue-microtask@1.2.3:
    resolution: {integrity: sha512-NuaNSa6flKT5JaSYQzJok04JzTL1CA6aGhv5rfLW3PgqA+M2ChpZQnAC8h8i4ZFkBS8X5RqkDBHA7r4hej3K9A==}

  reusify@1.1.0:
    resolution: {integrity: sha512-g6QUff04oZpHs0eG5p83rFLhHeV00ug/Yf9nZM6fLeUrPguBTkTQOdpAWWspMh55TZfVQDPaN3NQJfbVRAxdIw==}
    engines: {iojs: '>=1.0.0', node: '>=0.10.0'}

  run-parallel@1.2.0:
    resolution: {integrity: sha512-5l4VyZR86LZ/lDxZTR6jqL8AFE2S0IFLMP26AbjsLVADxHdhB/c0GUsH+y39UfCi3dzz8OlQuPmnaJOMoDHQBA==}

  semver@6.3.1:
    resolution: {integrity: sha512-BR7VvDCVHO+q2xBEWskxS6DJE1qRnb7DxzUrogb71CWoSficBxYsiAGd+Kl0mmq/MprG9yArRkyrQxTO6XjMzA==}
    hasBin: true

  servor@4.0.2:
    resolution: {integrity: sha512-MlmQ5Ntv4jDYUN060x/KEmN7emvIqKMZ9OkM+nY8Bf2+KkyLmGsTqWLyAN2cZr5oESAcH00UanUyyrlS1LRjFw==}
    hasBin: true

  slash@3.0.0:
    resolution: {integrity: sha512-g9Q1haeby36OSStwb4ntCGGGaKsaVSjQ68fBxoQcutl5fS1vuY18H3wSt3jFyFtrkx+Kz0V1G85A4MyAdDMi2Q==}
    engines: {node: '>=8'}

  strip-outer@1.0.1:
    resolution: {integrity: sha512-k55yxKHwaXnpYGsOzg4Vl8+tDrWylxDEpknGjhTiZB8dFRU5rTo9CAzeycivxV3s+zlTKwrs6WxMxR95n26kwg==}
    engines: {node: '>=0.10.0'}

  tinypool@2.1.0:
    resolution: {integrity: sha512-Pugqs6M0m7Lv1I7FtxN4aoyToKg1C4tu+/381vH35y8oENM/Ai7f7C4StcoK4/+BSw9ebcS8jRiVrORFKCALLw==}
    engines: {node: ^20.0.0 || >=22.0.0}

  to-regex-range@5.0.1:
    resolution: {integrity: sha512-65P7iz6X5yEr1cwcgvQxbbIw7Uk3gOy5dIdtZ4rDveLqhrdJP+Li/Hx6tyK0NEb+2GCyneCMJiGqrADCSNk8sQ==}
    engines: {node: '>=8.0'}

  trim-repeated@1.0.0:
    resolution: {integrity: sha512-pkonvlKk8/ZuR0D5tLW8ljt5I8kmxp2XKymhepUeOdCEfKpZaktSArkLHZt76OB1ZvO9bssUsDty4SWhLvZpLg==}
    engines: {node: '>=0.10.0'}

  universalify@2.0.1:
    resolution: {integrity: sha512-gptHNQghINnc/vTGIk0SOFGFNXw7JVrlRUtConJRlvaw6DuX0wO5Jeko9sWrMBhh+PsYAZ7oXAiOnf/UKogyiw==}
    engines: {node: '>= 10.0.0'}

snapshots:

  '@nodelib/fs.scandir@2.1.5':
    dependencies:
      '@nodelib/fs.stat': 2.0.5
      run-parallel: 1.2.0

  '@nodelib/fs.stat@2.0.5': {}

  '@nodelib/fs.walk@1.2.8':
    dependencies:
      '@nodelib/fs.scandir': 2.1.5
      fastq: 1.20.1

  '@oxfmt/binding-android-arm-eabi@0.45.0':
    optional: true

  '@oxfmt/binding-android-arm64@0.45.0':
    optional: true

  '@oxfmt/binding-darwin-arm64@0.45.0':
    optional: true

  '@oxfmt/binding-darwin-x64@0.45.0':
    optional: true

  '@oxfmt/binding-freebsd-x64@0.45.0':
    optional: true

  '@oxfmt/binding-linux-arm-gnueabihf@0.45.0':
    optional: true

  '@oxfmt/binding-linux-arm-musleabihf@0.45.0':
    optional: true

  '@oxfmt/binding-linux-arm64-gnu@0.45.0':
    optional: true

  '@oxfmt/binding-linux-arm64-musl@0.45.0':
    optional: true

  '@oxfmt/binding-linux-ppc64-gnu@0.45.0':
    optional: true

  '@oxfmt/binding-linux-riscv64-gnu@0.45.0':
    optional: true

  '@oxfmt/binding-linux-riscv64-musl@0.45.0':
    optional: true

  '@oxfmt/binding-linux-s390x-gnu@0.45.0':
    optional: true

  '@oxfmt/binding-linux-x64-gnu@0.45.0':
    optional: true

  '@oxfmt/binding-linux-x64-musl@0.45.0':
    optional: true

  '@oxfmt/binding-openharmony-arm64@0.45.0':
    optional: true

  '@oxfmt/binding-win32-arm64-msvc@0.45.0':
    optional: true

  '@oxfmt/binding-win32-ia32-msvc@0.45.0':
    optional: true

  '@oxfmt/binding-win32-x64-msvc@0.45.0':
    optional: true

  '@oxlint/binding-android-arm-eabi@1.60.0':
    optional: true

  '@oxlint/binding-android-arm64@1.60.0':
    optional: true

  '@oxlint/binding-darwin-arm64@1.60.0':
    optional: true

  '@oxlint/binding-darwin-x64@1.60.0':
    optional: true

  '@oxlint/binding-freebsd-x64@1.60.0':
    optional: true

  '@oxlint/binding-linux-arm-gnueabihf@1.60.0':
    optional: true

  '@oxlint/binding-linux-arm-musleabihf@1.60.0':
    optional: true

  '@oxlint/binding-linux-arm64-gnu@1.60.0':
    optional: true

  '@oxlint/binding-linux-arm64-musl@1.60.0':
    optional: true

  '@oxlint/binding-linux-ppc64-gnu@1.60.0':
    optional: true

  '@oxlint/binding-linux-riscv64-gnu@1.60.0':
    optional: true

  '@oxlint/binding-linux-riscv64-musl@1.60.0':
    optional: true

  '@oxlint/binding-linux-s390x-gnu@1.60.0':
    optional: true

  '@oxlint/binding-linux-x64-gnu@1.60.0':
    optional: true

  '@oxlint/binding-linux-x64-musl@1.60.0':
    optional: true

  '@oxlint/binding-openharmony-arm64@1.60.0':
    optional: true

  '@oxlint/binding-win32-arm64-msvc@1.60.0':
    optional: true

  '@oxlint/binding-win32-ia32-msvc@1.60.0':
    optional: true

  '@oxlint/binding-win32-x64-msvc@1.60.0':
    optional: true

  array-union@2.1.0: {}

  async@3.2.6: {}

  braces@3.0.3:
    dependencies:
      fill-range: 7.1.1

  commander@13.1.0: {}

  commondir@1.0.1: {}

  dir-glob@3.0.1:
    dependencies:
      path-type: 4.0.0

  email-addresses@5.0.0: {}

  escape-string-regexp@1.0.5: {}

  fast-glob@3.3.3:
    dependencies:
      '@nodelib/fs.stat': 2.0.5
      '@nodelib/fs.walk': 1.2.8
      glob-parent: 5.1.2
      merge2: 1.4.1
      micromatch: 4.0.8

  fastq@1.20.1:
    dependencies:
      reusify: 1.1.0

  filename-reserved-regex@2.0.0: {}

  filenamify@4.3.0:
    dependencies:
      filename-reserved-regex: 2.0.0
      strip-outer: 1.0.1
      trim-repeated: 1.0.0

  fill-range@7.1.1:
    dependencies:
      to-regex-range: 5.0.1

  find-cache-dir@3.3.2:
    dependencies:
      commondir: 1.0.1
      make-dir: 3.1.0
      pkg-dir: 4.2.0

  find-up@4.1.0:
    dependencies:
      locate-path: 5.0.0
      path-exists: 4.0.0

  fs-extra@11.3.4:
    dependencies:
      graceful-fs: 4.2.11
      jsonfile: 6.2.0
      universalify: 2.0.1

  gh-pages@6.3.0:
    dependencies:
      async: 3.2.6
      commander: 13.1.0
      email-addresses: 5.0.0
      filenamify: 4.3.0
      find-cache-dir: 3.3.2
      fs-extra: 11.3.4
      globby: 11.1.0

  glob-parent@5.1.2:
    dependencies:
      is-glob: 4.0.3

  globby@11.1.0:
    dependencies:
      array-union: 2.1.0
      dir-glob: 3.0.1
      fast-glob: 3.3.3
      ignore: 5.3.2
      merge2: 1.4.1
      slash: 3.0.0

  graceful-fs@4.2.11: {}

  ignore@5.3.2: {}

  is-extglob@2.1.1: {}

  is-glob@4.0.3:
    dependencies:
      is-extglob: 2.1.1

  is-number@7.0.0: {}

  jsonfile@6.2.0:
    dependencies:
      universalify: 2.0.1
    optionalDependencies:
      graceful-fs: 4.2.11

  locate-path@5.0.0:
    dependencies:
      p-locate: 4.1.0

  make-dir@3.1.0:
    dependencies:
      semver: 6.3.1

  merge2@1.4.1: {}

  micromatch@4.0.8:
    dependencies:
      braces: 3.0.3
      picomatch: 2.3.2

  oxfmt@0.45.0:
    dependencies:
      tinypool: 2.1.0
    optionalDependencies:
      '@oxfmt/binding-android-arm-eabi': 0.45.0
      '@oxfmt/binding-android-arm64': 0.45.0
      '@oxfmt/binding-darwin-arm64': 0.45.0
      '@oxfmt/binding-darwin-x64': 0.45.0
      '@oxfmt/binding-freebsd-x64': 0.45.0
      '@oxfmt/binding-linux-arm-gnueabihf': 0.45.0
      '@oxfmt/binding-linux-arm-musleabihf': 0.45.0
      '@oxfmt/binding-linux-arm64-gnu': 0.45.0
      '@oxfmt/binding-linux-arm64-musl': 0.45.0
      '@oxfmt/binding-linux-ppc64-gnu': 0.45.0
      '@oxfmt/binding-linux-riscv64-gnu': 0.45.0
      '@oxfmt/binding-linux-riscv64-musl': 0.45.0
      '@oxfmt/binding-linux-s390x-gnu': 0.45.0
      '@oxfmt/binding-linux-x64-gnu': 0.45.0
      '@oxfmt/binding-linux-x64-musl': 0.45.0
      '@oxfmt/binding-openharmony-arm64': 0.45.0
      '@oxfmt/binding-win32-arm64-msvc': 0.45.0
      '@oxfmt/binding-win32-ia32-msvc': 0.45.0
      '@oxfmt/binding-win32-x64-msvc': 0.45.0

  oxlint@1.60.0:
    optionalDependencies:
      '@oxlint/binding-android-arm-eabi': 1.60.0
      '@oxlint/binding-android-arm64': 1.60.0
      '@oxlint/binding-darwin-arm64': 1.60.0
      '@oxlint/binding-darwin-x64': 1.60.0
      '@oxlint/binding-freebsd-x64': 1.60.0
      '@oxlint/binding-linux-arm-gnueabihf': 1.60.0
      '@oxlint/binding-linux-arm-musleabihf': 1.60.0
      '@oxlint/binding-linux-arm64-gnu': 1.60.0
      '@oxlint/binding-linux-arm64-musl': 1.60.0
      '@oxlint/binding-linux-ppc64-gnu': 1.60.0
      '@oxlint/binding-linux-riscv64-gnu': 1.60.0
      '@oxlint/binding-linux-riscv64-musl': 1.60.0
      '@oxlint/binding-linux-s390x-gnu': 1.60.0
      '@oxlint/binding-linux-x64-gnu': 1.60.0
      '@oxlint/binding-linux-x64-musl': 1.60.0
      '@oxlint/binding-openharmony-arm64': 1.60.0
      '@oxlint/binding-win32-arm64-msvc': 1.60.0
      '@oxlint/binding-win32-ia32-msvc': 1.60.0
      '@oxlint/binding-win32-x64-msvc': 1.60.0

  p-limit@2.3.0:
    dependencies:
      p-try: 2.2.0

  p-locate@4.1.0:
    dependencies:
      p-limit: 2.3.0

  p-try@2.2.0: {}

  path-exists@4.0.0: {}

  path-type@4.0.0: {}

  picomatch@2.3.2: {}

  pkg-dir@4.2.0:
    dependencies:
      find-up: 4.1.0

  queue-microtask@1.2.3: {}

  reusify@1.1.0: {}

  run-parallel@1.2.0:
    dependencies:
      queue-microtask: 1.2.3

  semver@6.3.1: {}

  servor@4.0.2: {}

  slash@3.0.0: {}

  strip-outer@1.0.1:
    dependencies:
      escape-string-regexp: 1.0.5

  tinypool@2.1.0: {}

  to-regex-range@5.0.1:
    dependencies:
      is-number: 7.0.0

  trim-repeated@1.0.0:
    dependencies:
      escape-string-regexp: 1.0.5

  universalify@2.0.1: {}
